
Microsoft Visual Studio Solution File, Format Version 12.00
Project("{2150E333-8FDC-42A3-9474-1A3956D46DE8}") = "DbGoBackNuget", "DbGoBackNuget", "{333D6C49-9DF3-46F7-BFC4-0E5BD6DF2E3B}"
EndProject
Project("{FAE04EC0-301F-11D3-BF4B-00C04F79EFBC}") = "GoBack.Core", "GoBack.Core\GoBack.Core.csproj", "{C508BBC3-73DB-4C64-8B51-509BD77D2E46}"
EndProject
Project("{FAE04EC0-301F-11D3-BF4B-00C04F79EFBC}") = "GoBack.Domain", "GoBack.Domain\GoBack.Domain.csproj", "{595E9182-599A-4ACB-8181-3A4BE336835A}"
EndProject
Global
	GlobalSection(SolutionConfigurationPlatforms) = preSolution
		Debug|Any CPU = Debug|Any CPU
		Release|Any CPU = Release|Any CPU
	EndGlobalSection
	GlobalSection(ProjectConfigurationPlatforms) = postSolution
		{C508BBC3-73DB-4C64-8B51-509BD77D2E46}.Debug|Any CPU.ActiveCfg = Debug|Any CPU
		{C508BBC3-73DB-4C64-8B51-509BD77D2E46}.Debug|Any CPU.Build.0 = Debug|Any CPU
		{C508BBC3-73DB-4C64-8B51-509BD77D2E46}.Release|Any CPU.ActiveCfg = Release|Any CPU
		{C508BBC3-73DB-4C64-8B51-509BD77D2E46}.Release|Any CPU.Build.0 = Release|Any CPU
		{595E9182-599A-4ACB-8181-3A4BE336835A}.Debug|Any CPU.ActiveCfg = Debug|Any CPU
		{595E9182-599A-4ACB-8181-3A4BE336835A}.Debug|Any CPU.Build.0 = Debug|Any CPU
		{595E9182-599A-4ACB-8181-3A4BE336835A}.Release|Any CPU.ActiveCfg = Release|Any CPU
		{595E9182-599A-4ACB-8181-3A4BE336835A}.Release|Any CPU.Build.0 = Release|Any CPU
	EndGlobalSection
	GlobalSection(NestedProjects) = preSolution
		{C508BBC3-73DB-4C64-8B51-509BD77D2E46} = {333D6C49-9DF3-46F7-BFC4-0E5BD6DF2E3B}
		{595E9182-599A-4ACB-8181-3A4BE336835A} = {333D6C49-9DF3-46F7-BFC4-0E5BD6DF2E3B}
	EndGlobalSection
EndGlobal
